
Microsoft Visual Studio Solution File, Format Version 12.00
# Visual Studio 15
VisualStudioVersion = 15.0.28307.1913
MinimumVisualStudioVersion = 10.0.40219.1
Project("{FAE04EC0-301F-11D3-BF4B-00C04F79EFBC}") = "BonusMvcStok", "BonusMvcStok\BonusMvcStok.csproj", "{BB8EAC26-0F19-4DF6-B306-4C8CD610C74B}"
EndProject
Global
	GlobalSection(SolutionConfigurationPlatforms) = preSolution
		Debug|Any CPU = Debug|Any CPU
		Release|Any CPU = Release|Any CPU
	EndGlobalSection
	GlobalSection(ProjectConfigurationPlatforms) = postSolution
		{BB8EAC26-0F19-4DF6-B306-4C8CD610C74B}.Debug|Any CPU.ActiveCfg = Debug|Any CPU
		{BB8EAC26-0F19-4DF6-B306-4C8CD610C74B}.Debug|Any CPU.Build.0 = Debug|Any CPU
		{BB8EAC26-0F19-4DF6-B306-4C8CD610C74B}.Release|Any CPU.ActiveCfg = Release|Any CPU
		{BB8EAC26-0F19-4DF6-B306-4C8CD610C74B}.Release|Any CPU.Build.0 = Release|Any CPU
	EndGlobalSection
	GlobalSection(SolutionProperties) = preSolution
		HideSolutionNode = FALSE
	EndGlobalSection
	GlobalSection(ExtensibilityGlobals) = postSolution
		SolutionGuid = {2DB2EADD-E44E-4A5C-9046-BCCE8E2ECF89}
	EndGlobalSection
EndGlobal
